Microsoft Visual Studio Solution File, Format Version 12.00
# Visual Studio Version 17
VisualStudioVersion = 17.5.2.0
MinimumVisualStudioVersion = 10.0.40219.1
Project("{FAE04EC0-301F-11D3-BF4B-00C04F79EFBC}") = "Warehousepro.API", "Warehousepro.API\Warehousepro.API.csproj", "{3838D781-5E42-B8EB-E9ED-366ADCA23075}"
EndProject
Global
	GlobalSection(SolutionConfigurationPlatforms) = preSolution
		Debug|Any CPU = Debug|Any CPU
		Release|Any CPU = Release|Any CPU
	EndGlobalSection
	GlobalSection(ProjectConfigurationPlatforms) = postSolution
		{3838D781-5E42-B8EB-E9ED-366ADCA23075}.Debug|Any CPU.ActiveCfg = Debug|Any CPU
		{3838D781-5E42-B8EB-E9ED-366ADCA23075}.Debug|Any CPU.Build.0 = Debug|Any CPU
		{3838D781-5E42-B8EB-E9ED-366ADCA23075}.Release|Any CPU.ActiveCfg = Release|Any CPU
		{3838D781-5E42-B8EB-E9ED-366ADCA23075}.Release|Any CPU.Build.0 = Release|Any CPU
	EndGlobalSection
	GlobalSection(SolutionProperties) = preSolution
		HideSolutionNode = FALSE
	EndGlobalSection
	GlobalSection(ExtensibilityGlobals) = postSolution
		SolutionGuid = {3130D6A1-F05F-4C53-89D3-02585DA66AAE}
	EndGlobalSection
EndGlobal
